
Microsoft Visual Studio Solution File, Format Version 12.00
# Visual Studio Version 16
VisualStudioVersion = 16.0.29324.140
MinimumVisualStudioVersion = 10.0.40219.1
Project("{FAE04EC0-301F-11D3-BF4B-00C04F79EFBC}") = "Website_v2", "Website_v2.csproj", "{D9DD1069-F851-49D0-B18A-858779F801DC}"
EndProject
Project("{9A19103F-16F7-4668-BE54-9A1E7A4F7556}") = "Website_v3", "Website_v3\Website_v3.csproj", "{6F7D0142-7038-42BF-98CF-C3E4D11A6746}"
EndProject
Project("{9A19103F-16F7-4668-BE54-9A1E7A4F7556}") = "reign_template_v4-0-1", "reign_template_v4-0-1\reign_template_v4-0-1.csproj", "{04351514-8621-45A0-8993-694410E86EAA}"
EndProject
Global
	GlobalSection(SolutionConfigurationPlatforms) = preSolution
		Debug|Any CPU = Debug|Any CPU
		Release|Any CPU = Release|Any CPU
	EndGlobalSection
	GlobalSection(ProjectConfigurationPlatforms) = postSolution
		{D9DD1069-F851-49D0-B18A-858779F801DC}.Debug|Any CPU.ActiveCfg = Debug|Any CPU
		{D9DD1069-F851-49D0-B18A-858779F801DC}.Debug|Any CPU.Build.0 = Debug|Any CPU
		{D9DD1069-F851-49D0-B18A-858779F801DC}.Release|Any CPU.ActiveCfg = Release|Any CPU
		{D9DD1069-F851-49D0-B18A-858779F801DC}.Release|Any CPU.Build.0 = Release|Any CPU
		{6F7D0142-7038-42BF-98CF-C3E4D11A6746}.Debug|Any CPU.ActiveCfg = Debug|Any CPU
		{6F7D0142-7038-42BF-98CF-C3E4D11A6746}.Debug|Any CPU.Build.0 = Debug|Any CPU
		{6F7D0142-7038-42BF-98CF-C3E4D11A6746}.Release|Any CPU.ActiveCfg = Release|Any CPU
		{6F7D0142-7038-42BF-98CF-C3E4D11A6746}.Release|Any CPU.Build.0 = Release|Any CPU
		{04351514-8621-45A0-8993-694410E86EAA}.Debug|Any CPU.ActiveCfg = Debug|Any CPU
		{04351514-8621-45A0-8993-694410E86EAA}.Debug|Any CPU.Build.0 = Debug|Any CPU
		{04351514-8621-45A0-8993-694410E86EAA}.Release|Any CPU.ActiveCfg = Release|Any CPU
		{04351514-8621-45A0-8993-694410E86EAA}.Release|Any CPU.Build.0 = Release|Any CPU
	EndGlobalSection
	GlobalSection(SolutionProperties) = preSolution
		HideSolutionNode = FALSE
	EndGlobalSection
	GlobalSection(ExtensibilityGlobals) = postSolution
		SolutionGuid = {5CCE61AB-5819-4E62-A6BD-70585A8B7566}
	EndGlobalSection
EndGlobal
